
Microsoft Visual Studio Solution File, Format Version 12.00
# Visual Studio 15
VisualStudioVersion = 15.0.28307.329
MinimumVisualStudioVersion = 10.0.40219.1
Project("{FAE04EC0-301F-11D3-BF4B-00C04F79EFBC}") = "CadeMeuMedico", "CadeMeuMedico\CadeMeuMedico.csproj", "{34362BF2-BB2B-4965-8AEA-F685084B085F}"
EndProject
Global
	GlobalSection(SolutionConfigurationPlatforms) = preSolution
		Debug|Any CPU = Debug|Any CPU
		Release|Any CPU = Release|Any CPU
	EndGlobalSection
	GlobalSection(ProjectConfigurationPlatforms) = postSolution
		{34362BF2-BB2B-4965-8AEA-F685084B085F}.Debug|Any CPU.ActiveCfg = Debug|Any CPU
		{34362BF2-BB2B-4965-8AEA-F685084B085F}.Debug|Any CPU.Build.0 = Debug|Any CPU
		{34362BF2-BB2B-4965-8AEA-F685084B085F}.Release|Any CPU.ActiveCfg = Release|Any CPU
		{34362BF2-BB2B-4965-8AEA-F685084B085F}.Release|Any CPU.Build.0 = Release|Any CPU
	EndGlobalSection
	GlobalSection(SolutionProperties) = preSolution
		HideSolutionNode = FALSE
	EndGlobalSection
	GlobalSection(ExtensibilityGlobals) = postSolution
		SolutionGuid = {E70CA22F-F27D-4B29-B38F-B0A62810984F}
	EndGlobalSection
EndGlobal
